[renv]
Version=0.5.0-66

[R]
Version=3.6.1
Repositories=
	CRAN=https://cran.rstudio.com/

[Bioconductor]
Repositories=
	BioCsoft=https://bioconductor.org/packages/3.10/bioc
	BioCann=https://bioconductor.org/packages/3.10/data/annotation
	BioCexp=https://bioconductor.org/packages/3.10/data/experiment
	BioCworkflows=https://bioconductor.org/packages/3.10/workflows
	CRAN=https://cran.rstudio.com/

[R/Package/Rcpp]
Package=Rcpp
Version=1.0.2
Source=CRAN
Hash=c25fa7d5684fa7001ddfea3755243975

[R/Package/base64enc]
Package=base64enc
Version=0.1-3
Source=CRAN
Hash=d355963b4b1c3039bfe8d65611a11cca

[R/Package/digest]
Package=digest
Version=0.6.21
Source=CRAN
Hash=5082df7219d58e35b4613c9c687216de

[R/Package/evaluate]
Package=evaluate
Version=0.14
Source=CRAN
RemoteType=standard
RemoteRef=evaluate
RemoteRepos=https://cloud.r-project.org
RemotePkgType=source
RemoteSha=0.14
Hash=5a6c1949963e0785dbcbb0556337d61e

[R/Package/glue]
Package=glue
Version=1.3.1.9000
Source=GitHub
RemoteType=github
RemoteHost=api.github.com
RemoteRepo=glue
RemoteUsername=tidyverse
RemoteRef=master
RemoteSha=71eeddfa43763880ccc6afd9021553fd728b1821
Hash=6e2845c5f2b1399a0a080f6b2ce66ad9

[R/Package/highr]
Package=highr
Version=0.8
Source=CRAN
RemoteType=standard
RemoteRef=highr
RemoteRepos=https://cloud.r-project.org
RemotePkgType=source
RemoteSha=0.8
Hash=43e36bc8bca1d8256f86933659c46349

[R/Package/htmltools]
Package=htmltools
Version=0.3.6
Source=CRAN
RemoteType=standard
RemoteRef=htmltools
RemoteRepos=https://cloud.r-project.org
RemotePkgType=source
RemoteSha=0.3.6
Hash=5132526e7fb28a2c20d1ef443d5c4644

[R/Package/jsonlite]
Package=jsonlite
Version=1.6
Source=CRAN
Hash=b7e67b6a7bc2fdae729c0f3ff9026a8a

[R/Package/knitr]
Package=knitr
Version=1.25
Source=CRAN
Hash=33a3a009f5e7c3606d6851692bf703d9

[R/Package/magrittr]
Package=magrittr
Version=1.5
Source=CRAN
Hash=dee1d97cffddfd3ed969e224bd0826d0

[R/Package/markdown]
Package=markdown
Version=1.1
Source=CRAN
Hash=80e1f73841614fa35f82a85d66fb41da

[R/Package/mime]
Package=mime
Version=0.7
Source=CRAN
Hash=908d95ccbfd1dd274073ef07a7c93934

[R/Package/rmarkdown]
Package=rmarkdown
Version=1.16
Source=CRAN
Hash=74352997ea70389458e7a8b7059dfb95

[R/Package/stringi]
Package=stringi
Version=1.4.3
Source=CRAN
Hash=113506f116db9dd5bd1caf46884e0647

[R/Package/stringr]
Package=stringr
Version=1.4.0
Source=CRAN
Hash=41d6310ad18bd019a203d7adc496a28b

[R/Package/tinytex]
Package=tinytex
Version=0.16
Source=CRAN
Hash=9349f30ae6ddce61d7fa26f7b6228a73

[R/Package/xfun]
Package=xfun
Version=0.10
Source=CRAN
Hash=b22f06440a75a69aa0c6c04cf5278d83

[R/Package/yaml]
Package=yaml
Version=2.2.0
Source=CRAN
RemoteType=standard
RemoteRef=yaml
RemoteRepos=https://cloud.r-project.org
RemotePkgType=source
RemoteSha=2.2.0
Hash=3a313c96061c4ac790de611dc57ebd1f

